# THIS IS AN AUTOGENERATED FILE. DO NOT EDIT THIS FILE DIRECTLY.
# yarn lockfile v1


"@grpc/grpc-js@^1.8.0":
  "integrity" "sha512-GsFaMXCkMqkKIvwCQjCrwH+GHbPKBjhwo/8ZuUkWHqbI73Kky9I+pQltrlT0+MWpedCoosda53lgjYfyEPgxBg=="
  "resolved" "https://registry.npmjs.org/@grpc/grpc-js/-/grpc-js-1.13.4.tgz"
  "version" "1.13.4"
  dependencies:
    "@grpc/proto-loader" "^0.7.13"
    "@js-sdsl/ordered-map" "^4.4.2"

"@grpc/proto-loader@^0.7.13":
  "integrity" "sha512-tMXdRCfYVixjuFK+Hk0Q1s38gV9zDiDJfWL3h1rv4Qc39oILCu1TRTDt7+fGUI8K4G1Fj125Hx/ru3azECWTyQ=="
  "resolved" "https://registry.npmjs.org/@grpc/proto-loader/-/proto-loader-0.7.15.tgz"
  "version" "0.7.15"
  dependencies:
    "lodash.camelcase" "^4.3.0"
    "long" "^5.0.0"
    "protobufjs" "^7.2.5"
    "yargs" "^17.7.2"

"@js-sdsl/ordered-map@^4.4.2":
  "integrity" "sha512-iUKgm52T8HOE/makSxjqoWhe95ZJA1/G1sYsGev2JDKUSS14KAgg1LHb+Ba+IPow0xflbnSkOsZcO08C7w1gYw=="
  "resolved" "https://registry.npmjs.org/@js-sdsl/ordered-map/-/ordered-map-4.4.2.tgz"
  "version" "4.4.2"

"@protobufjs/aspromise@^1.1.1", "@protobufjs/aspromise@^1.1.2":
  "integrity" "sha512-j+gKExEuLmKwvz3OgROXtrJ2UG2x8Ch2YZUxahh+s1F2HZ+wAceUNLkvy6zKCPVRkU++ZWQrdxsUeQXmcg4uoQ=="
  "resolved" "https://registry.npmjs.org/@protobufjs/aspromise/-/aspromise-1.1.2.tgz"
  "version" "1.1.2"

"@protobufjs/base64@^1.1.2":
  "integrity" "sha512-AZkcAA5vnN/v4PDqKyMR5lx7hZttPDgClv83E//FMNhR2TMcLUhfRUBHCmSl0oi9zMgDDqRUJkSxO3wm85+XLg=="
  "resolved" "https://registry.npmjs.org/@protobufjs/base64/-/base64-1.1.2.tgz"
  "version" "1.1.2"

"@protobufjs/codegen@^2.0.4":
  "integrity" "sha512-YyFaikqM5sH0ziFZCN3xDC7zeGaB/d0IUb9CATugHWbd1FRFwWwt4ld4OYMPWu5a3Xe01mGAULCdqhMlPl29Jg=="
  "resolved" "https://registry.npmjs.org/@protobufjs/codegen/-/codegen-2.0.4.tgz"
  "version" "2.0.4"

"@protobufjs/eventemitter@^1.1.0":
  "integrity" "sha512-j9ednRT81vYJ9OfVuXG6ERSTdEL1xVsNgqpkxMsbIabzSo3goCjDIveeGv5d03om39ML71RdmrGNjG5SReBP/Q=="
  "resolved" "https://registry.npmjs.org/@protobufjs/eventemitter/-/eventemitter-1.1.0.tgz"
  "version" "1.1.0"

"@protobufjs/fetch@^1.1.0":
  "integrity" "sha512-lljVXpqXebpsijW71PZaCYeIcE5on1w5DlQy5WH6GLbFryLUrBD4932W/E2BSpfRJWseIL4v/KPgBFxDOIdKpQ=="
  "resolved" "https://registry.npmjs.org/@protobufjs/fetch/-/fetch-1.1.0.tgz"
  "version" "1.1.0"
  dependencies:
    "@protobufjs/aspromise" "^1.1.1"
    "@protobufjs/inquire" "^1.1.0"

"@protobufjs/float@^1.0.2":
  "integrity" "sha512-Ddb+kVXlXst9d+R9PfTIxh1EdNkgoRe5tOX6t01f1lYWOvJnSPDBlG241QLzcyPdoNTsblLUdujGSE4RzrTZGQ=="
  "resolved" "https://registry.npmjs.org/@protobufjs/float/-/float-1.0.2.tgz"
  "version" "1.0.2"

"@protobufjs/inquire@^1.1.0":
  "integrity" "sha512-kdSefcPdruJiFMVSbn801t4vFK7KB/5gd2fYvrxhuJYg8ILrmn9SKSX2tZdV6V+ksulWqS7aXjBcRXl3wHoD9Q=="
  "resolved" "https://registry.npmjs.org/@protobufjs/inquire/-/inquire-1.1.0.tgz"
  "version" "1.1.0"

"@protobufjs/path@^1.1.2":
  "integrity" "sha512-6JOcJ5Tm08dOHAbdR3GrvP+yUUfkjG5ePsHYczMFLq3ZmMkAD98cDgcT2iA1lJ9NVwFd4tH/iSSoe44YWkltEA=="
  "resolved" "https://registry.npmjs.org/@protobufjs/path/-/path-1.1.2.tgz"
  "version" "1.1.2"

"@protobufjs/pool@^1.1.0":
  "integrity" "sha512-0kELaGSIDBKvcgS4zkjz1PeddatrjYcmMWOlAuAPwAeccUrPHdUqo/J6LiymHHEiJT5NrF1UVwxY14f+fy4WQw=="
  "resolved" "https://registry.npmjs.org/@protobufjs/pool/-/pool-1.1.0.tgz"
  "version" "1.1.0"

"@protobufjs/utf8@^1.1.0":
  "integrity" "sha512-Vvn3zZrhQZkkBE8LSuW3em98c0FwgO4nxzv6OdSxPKJIEKY2bGbHn+mhGIPerzI4twdxaP8/0+06HBpwf345Lw=="
  "resolved" "https://registry.npmjs.org/@protobufjs/utf8/-/utf8-1.1.0.tgz"
  "version" "1.1.0"

"@solana-program/token@^0.5.1":
  "integrity" "sha512-bJvynW5q9SFuVOZ5vqGVkmaPGA0MCC+m9jgJj1nk5m20I389/ms69ASnhWGoOPNcie7S9OwBX0gTj2fiyWpfag=="
  "resolved" "https://registry.npmjs.org/@solana-program/token/-/token-0.5.1.tgz"
  "version" "0.5.1"

"@solana/accounts@2.3.0":
  "integrity" "sha512-QgQTj404Z6PXNOyzaOpSzjgMOuGwG8vC66jSDB+3zHaRcEPRVRd2sVSrd1U6sHtnV3aiaS6YyDuPQMheg4K2jw=="
  "resolved" "https://registry.npmjs.org/@solana/accounts/-/accounts-2.3.0.tgz"
  "version" "2.3.0"
  dependencies:
    "@solana/addresses" "2.3.0"
    "@solana/codecs-core" "2.3.0"
    "@solana/codecs-strings" "2.3.0"
    "@solana/errors" "2.3.0"
    "@solana/rpc-spec" "2.3.0"
    "@solana/rpc-types" "2.3.0"

"@solana/addresses@2.3.0":
  "integrity" "sha512-ypTNkY2ZaRFpHLnHAgaW8a83N0/WoqdFvCqf4CQmnMdFsZSdC7qOwcbd7YzdaQn9dy+P2hybewzB+KP7LutxGA=="
  "resolved" "https://registry.npmjs.org/@solana/addresses/-/addresses-2.3.0.tgz"
  "version" "2.3.0"
  dependencies:
    "@solana/assertions" "2.3.0"
    "@solana/codecs-core" "2.3.0"
    "@solana/codecs-strings" "2.3.0"
    "@solana/errors" "2.3.0"
    "@solana/nominal-types" "2.3.0"

"@solana/assertions@2.3.0":
  "integrity" "sha512-Ekoet3khNg3XFLN7MIz8W31wPQISpKUGDGTylLptI+JjCDWx3PIa88xjEMqFo02WJ8sBj2NLV64Xg1sBcsHjZQ=="
  "resolved" "https://registry.npmjs.org/@solana/assertions/-/assertions-2.3.0.tgz"
  "version" "2.3.0"
  dependencies:
    "@solana/errors" "2.3.0"

"@solana/codecs-core@2.3.0":
  "integrity" "sha512-oG+VZzN6YhBHIoSKgS5ESM9VIGzhWjEHEGNPSibiDTxFhsFWxNaz8LbMDPjBUE69r9wmdGLkrQ+wVPbnJcZPvw=="
  "resolved" "https://registry.npmjs.org/@solana/codecs-core/-/codecs-core-2.3.0.tgz"
  "version" "2.3.0"
  dependencies:
    "@solana/errors" "2.3.0"

"@solana/codecs-data-structures@2.3.0":
  "integrity" "sha512-qvU5LE5DqEdYMYgELRHv+HMOx73sSoV1ZZkwIrclwUmwTbTaH8QAJURBj0RhQ/zCne7VuLLOZFFGv6jGigWhSw=="
  "resolved" "https://registry.npmjs.org/@solana/codecs-data-structures/-/codecs-data-structures-2.3.0.tgz"
  "version" "2.3.0"
  dependencies:
    "@solana/codecs-core" "2.3.0"
    "@solana/codecs-numbers" "2.3.0"
    "@solana/errors" "2.3.0"

"@solana/codecs-numbers@2.3.0":
  "integrity" "sha512-jFvvwKJKffvG7Iz9dmN51OGB7JBcy2CJ6Xf3NqD/VP90xak66m/Lg48T01u5IQ/hc15mChVHiBm+HHuOFDUrQg=="
  "resolved" "https://registry.npmjs.org/@solana/codecs-numbers/-/codecs-numbers-2.3.0.tgz"
  "version" "2.3.0"
  dependencies:
    "@solana/codecs-core" "2.3.0"
    "@solana/errors" "2.3.0"

"@solana/codecs-strings@2.3.0":
  "integrity" "sha512-y5pSBYwzVziXu521hh+VxqUtp0hYGTl1eWGoc1W+8mdvBdC1kTqm/X7aYQw33J42hw03JjryvYOvmGgk3Qz/Ug=="
  "resolved" "https://registry.npmjs.org/@solana/codecs-strings/-/codecs-strings-2.3.0.tgz"
  "version" "2.3.0"
  dependencies:
    "@solana/codecs-core" "2.3.0"
    "@solana/codecs-numbers" "2.3.0"
    "@solana/errors" "2.3.0"

"@solana/codecs@2.3.0":
  "integrity" "sha512-JVqGPkzoeyU262hJGdH64kNLH0M+Oew2CIPOa/9tR3++q2pEd4jU2Rxdfye9sd0Ce3XJrR5AIa8ZfbyQXzjh+g=="
  "resolved" "https://registry.npmjs.org/@solana/codecs/-/codecs-2.3.0.tgz"
  "version" "2.3.0"
  dependencies:
    "@solana/codecs-core" "2.3.0"
    "@solana/codecs-data-structures" "2.3.0"
    "@solana/codecs-numbers" "2.3.0"
    "@solana/codecs-strings" "2.3.0"
    "@solana/options" "2.3.0"

"@solana/errors@2.3.0":
  "integrity" "sha512-66RI9MAbwYV0UtP7kGcTBVLxJgUxoZGm8Fbc0ah+lGiAw17Gugco6+9GrJCV83VyF2mDWyYnYM9qdI3yjgpnaQ=="
  "resolved" "https://registry.npmjs.org/@solana/errors/-/errors-2.3.0.tgz"
  "version" "2.3.0"
  dependencies:
    "chalk" "^5.4.1"
    "commander" "^14.0.0"

"@solana/fast-stable-stringify@2.3.0":
  "integrity" "sha512-KfJPrMEieUg6D3hfQACoPy0ukrAV8Kio883llt/8chPEG3FVTX9z/Zuf4O01a15xZmBbmQ7toil2Dp0sxMJSxw=="
  "resolved" "https://registry.npmjs.org/@solana/fast-stable-stringify/-/fast-stable-stringify-2.3.0.tgz"
  "version" "2.3.0"

"@solana/functional@2.3.0":
  "integrity" "sha512-AgsPh3W3tE+nK3eEw/W9qiSfTGwLYEvl0rWaxHht/lRcuDVwfKRzeSa5G79eioWFFqr+pTtoCr3D3OLkwKz02Q=="
  "resolved" "https://registry.npmjs.org/@solana/functional/-/functional-2.3.0.tgz"
  "version" "2.3.0"

"@solana/instructions@2.3.0":
  "integrity" "sha512-PLMsmaIKu7hEAzyElrk2T7JJx4D+9eRwebhFZpy2PXziNSmFF929eRHKUsKqBFM3cYR1Yy3m6roBZfA+bGE/oQ=="
  "resolved" "https://registry.npmjs.org/@solana/instructions/-/instructions-2.3.0.tgz"
  "version" "2.3.0"
  dependencies:
    "@solana/codecs-core" "2.3.0"
    "@solana/errors" "2.3.0"

"@solana/keys@2.3.0":
  "integrity" "sha512-ZVVdga79pNH+2pVcm6fr2sWz9HTwfopDVhYb0Lh3dh+WBmJjwkabXEIHey2rUES7NjFa/G7sV8lrUn/v8LDCCQ=="
  "resolved" "https://registry.npmjs.org/@solana/keys/-/keys-2.3.0.tgz"
  "version" "2.3.0"
  dependencies:
    "@solana/assertions" "2.3.0"
    "@solana/codecs-core" "2.3.0"
    "@solana/codecs-strings" "2.3.0"
    "@solana/errors" "2.3.0"
    "@solana/nominal-types" "2.3.0"

"@solana/kit@^2.1.0", "@solana/kit@^2.3.0":
  "integrity" "sha512-sb6PgwoW2LjE5oTFu4lhlS/cGt/NB3YrShEyx7JgWFWysfgLdJnhwWThgwy/4HjNsmtMrQGWVls0yVBHcMvlMQ=="
  "resolved" "https://registry.npmjs.org/@solana/kit/-/kit-2.3.0.tgz"
  "version" "2.3.0"
  dependencies:
    "@solana/accounts" "2.3.0"
    "@solana/addresses" "2.3.0"
    "@solana/codecs" "2.3.0"
    "@solana/errors" "2.3.0"
    "@solana/functional" "2.3.0"
    "@solana/instructions" "2.3.0"
    "@solana/keys" "2.3.0"
    "@solana/programs" "2.3.0"
    "@solana/rpc" "2.3.0"
    "@solana/rpc-parsed-types" "2.3.0"
    "@solana/rpc-spec-types" "2.3.0"
    "@solana/rpc-subscriptions" "2.3.0"
    "@solana/rpc-types" "2.3.0"
    "@solana/signers" "2.3.0"
    "@solana/sysvars" "2.3.0"
    "@solana/transaction-confirmation" "2.3.0"
    "@solana/transaction-messages" "2.3.0"
    "@solana/transactions" "2.3.0"

"@solana/nominal-types@2.3.0":
  "integrity" "sha512-uKlMnlP4PWW5UTXlhKM8lcgIaNj8dvd8xO4Y9l+FVvh9RvW2TO0GwUO6JCo7JBzCB0PSqRJdWWaQ8pu1Ti/OkA=="
  "resolved" "https://registry.npmjs.org/@solana/nominal-types/-/nominal-types-2.3.0.tgz"
  "version" "2.3.0"

"@solana/options@2.3.0":
  "integrity" "sha512-PPnnZBRCWWoZQ11exPxf//DRzN2C6AoFsDI/u2AsQfYih434/7Kp4XLpfOMT/XESi+gdBMFNNfbES5zg3wAIkw=="
  "resolved" "https://registry.npmjs.org/@solana/options/-/options-2.3.0.tgz"
  "version" "2.3.0"
  dependencies:
    "@solana/codecs-core" "2.3.0"
    "@solana/codecs-data-structures" "2.3.0"
    "@solana/codecs-numbers" "2.3.0"
    "@solana/codecs-strings" "2.3.0"
    "@solana/errors" "2.3.0"

"@solana/programs@2.3.0":
  "integrity" "sha512-UXKujV71VCI5uPs+cFdwxybtHZAIZyQkqDiDnmK+DawtOO9mBn4Nimdb/6RjR2CXT78mzO9ZCZ3qfyX+ydcB7w=="
  "resolved" "https://registry.npmjs.org/@solana/programs/-/programs-2.3.0.tgz"
  "version" "2.3.0"
  dependencies:
    "@solana/addresses" "2.3.0"
    "@solana/errors" "2.3.0"

"@solana/promises@2.3.0":
  "integrity" "sha512-GjVgutZKXVuojd9rWy1PuLnfcRfqsaCm7InCiZc8bqmJpoghlyluweNc7ml9Y5yQn1P2IOyzh9+p/77vIyNybQ=="
  "resolved" "https://registry.npmjs.org/@solana/promises/-/promises-2.3.0.tgz"
  "version" "2.3.0"

"@solana/rpc-api@2.3.0":
  "integrity" "sha512-UUdiRfWoyYhJL9PPvFeJr4aJ554ob2jXcpn4vKmRVn9ire0sCbpQKYx6K8eEKHZWXKrDW8IDspgTl0gT/aJWVg=="
  "resolved" "https://registry.npmjs.org/@solana/rpc-api/-/rpc-api-2.3.0.tgz"
  "version" "2.3.0"
  dependencies:
    "@solana/addresses" "2.3.0"
    "@solana/codecs-core" "2.3.0"
    "@solana/codecs-strings" "2.3.0"
    "@solana/errors" "2.3.0"
    "@solana/keys" "2.3.0"
    "@solana/rpc-parsed-types" "2.3.0"
    "@solana/rpc-spec" "2.3.0"
    "@solana/rpc-transformers" "2.3.0"
    "@solana/rpc-types" "2.3.0"
    "@solana/transaction-messages" "2.3.0"
    "@solana/transactions" "2.3.0"

"@solana/rpc-parsed-types@2.3.0":
  "integrity" "sha512-B5pHzyEIbBJf9KHej+zdr5ZNAdSvu7WLU2lOUPh81KHdHQs6dEb310LGxcpCc7HVE8IEdO20AbckewDiAN6OCg=="
  "resolved" "https://registry.npmjs.org/@solana/rpc-parsed-types/-/rpc-parsed-types-2.3.0.tgz"
  "version" "2.3.0"

"@solana/rpc-spec-types@2.3.0":
  "integrity" "sha512-xQsb65lahjr8Wc9dMtP7xa0ZmDS8dOE2ncYjlvfyw/h4mpdXTUdrSMi6RtFwX33/rGuztQ7Hwaid5xLNSLvsFQ=="
  "resolved" "https://registry.npmjs.org/@solana/rpc-spec-types/-/rpc-spec-types-2.3.0.tgz"
  "version" "2.3.0"

"@solana/rpc-spec@2.3.0":
  "integrity" "sha512-fA2LMX4BMixCrNB2n6T83AvjZ3oUQTu7qyPLyt8gHQaoEAXs8k6GZmu6iYcr+FboQCjUmRPgMaABbcr9j2J9Sw=="
  "resolved" "https://registry.npmjs.org/@solana/rpc-spec/-/rpc-spec-2.3.0.tgz"
  "version" "2.3.0"
  dependencies:
    "@solana/errors" "2.3.0"
    "@solana/rpc-spec-types" "2.3.0"

"@solana/rpc-subscriptions-api@2.3.0":
  "integrity" "sha512-9mCjVbum2Hg9KGX3LKsrI5Xs0KX390lS+Z8qB80bxhar6MJPugqIPH8uRgLhCW9GN3JprAfjRNl7our8CPvsPQ=="
  "resolved" "https://registry.npmjs.org/@solana/rpc-subscriptions-api/-/rpc-subscriptions-api-2.3.0.tgz"
  "version" "2.3.0"
  dependencies:
    "@solana/addresses" "2.3.0"
    "@solana/keys" "2.3.0"
    "@solana/rpc-subscriptions-spec" "2.3.0"
    "@solana/rpc-transformers" "2.3.0"
    "@solana/rpc-types" "2.3.0"
    "@solana/transaction-messages" "2.3.0"
    "@solana/transactions" "2.3.0"

"@solana/rpc-subscriptions-channel-websocket@2.3.0":
  "integrity" "sha512-2oL6ceFwejIgeWzbNiUHI2tZZnaOxNTSerszcin7wYQwijxtpVgUHiuItM/Y70DQmH9sKhmikQp+dqeGalaJxw=="
  "resolved" "https://registry.npmjs.org/@solana/rpc-subscriptions-channel-websocket/-/rpc-subscriptions-channel-websocket-2.3.0.tgz"
  "version" "2.3.0"
  dependencies:
    "@solana/errors" "2.3.0"
    "@solana/functional" "2.3.0"
    "@solana/rpc-subscriptions-spec" "2.3.0"
    "@solana/subscribable" "2.3.0"

"@solana/rpc-subscriptions-spec@2.3.0":
  "integrity" "sha512-rdmVcl4PvNKQeA2l8DorIeALCgJEMSu7U8AXJS1PICeb2lQuMeaR+6cs/iowjvIB0lMVjYN2sFf6Q3dJPu6wWg=="
  "resolved" "https://registry.npmjs.org/@solana/rpc-subscriptions-spec/-/rpc-subscriptions-spec-2.3.0.tgz"
  "version" "2.3.0"
  dependencies:
    "@solana/errors" "2.3.0"
    "@solana/promises" "2.3.0"
    "@solana/rpc-spec-types" "2.3.0"
    "@solana/subscribable" "2.3.0"

"@solana/rpc-subscriptions@2.3.0":
  "integrity" "sha512-Uyr10nZKGVzvCOqwCZgwYrzuoDyUdwtgQRefh13pXIrdo4wYjVmoLykH49Omt6abwStB0a4UL5gX9V4mFdDJZg=="
  "resolved" "https://registry.npmjs.org/@solana/rpc-subscriptions/-/rpc-subscriptions-2.3.0.tgz"
  "version" "2.3.0"
  dependencies:
    "@solana/errors" "2.3.0"
    "@solana/fast-stable-stringify" "2.3.0"
    "@solana/functional" "2.3.0"
    "@solana/promises" "2.3.0"
    "@solana/rpc-spec-types" "2.3.0"
    "@solana/rpc-subscriptions-api" "2.3.0"
    "@solana/rpc-subscriptions-channel-websocket" "2.3.0"
    "@solana/rpc-subscriptions-spec" "2.3.0"
    "@solana/rpc-transformers" "2.3.0"
    "@solana/rpc-types" "2.3.0"
    "@solana/subscribable" "2.3.0"

"@solana/rpc-transformers@2.3.0":
  "integrity" "sha512-UuHYK3XEpo9nMXdjyGKkPCOr7WsZsxs7zLYDO1A5ELH3P3JoehvrDegYRAGzBS2VKsfApZ86ZpJToP0K3PhmMA=="
  "resolved" "https://registry.npmjs.org/@solana/rpc-transformers/-/rpc-transformers-2.3.0.tgz"
  "version" "2.3.0"
  dependencies:
    "@solana/errors" "2.3.0"
    "@solana/functional" "2.3.0"
    "@solana/nominal-types" "2.3.0"
    "@solana/rpc-spec-types" "2.3.0"
    "@solana/rpc-types" "2.3.0"

"@solana/rpc-transport-http@2.3.0":
  "integrity" "sha512-HFKydmxGw8nAF5N+S0NLnPBDCe5oMDtI2RAmW8DMqP4U3Zxt2XWhvV1SNkAldT5tF0U1vP+is6fHxyhk4xqEvg=="
  "resolved" "https://registry.npmjs.org/@solana/rpc-transport-http/-/rpc-transport-http-2.3.0.tgz"
  "version" "2.3.0"
  dependencies:
    "@solana/errors" "2.3.0"
    "@solana/rpc-spec" "2.3.0"
    "@solana/rpc-spec-types" "2.3.0"
    "undici-types" "^7.11.0"

"@solana/rpc-types@2.3.0":
  "integrity" "sha512-O09YX2hED2QUyGxrMOxQ9GzH1LlEwwZWu69QbL4oYmIf6P5dzEEHcqRY6L1LsDVqc/dzAdEs/E1FaPrcIaIIPw=="
  "resolved" "https://registry.npmjs.org/@solana/rpc-types/-/rpc-types-2.3.0.tgz"
  "version" "2.3.0"
  dependencies:
    "@solana/addresses" "2.3.0"
    "@solana/codecs-core" "2.3.0"
    "@solana/codecs-numbers" "2.3.0"
    "@solana/codecs-strings" "2.3.0"
    "@solana/errors" "2.3.0"
    "@solana/nominal-types" "2.3.0"

"@solana/rpc@2.3.0":
  "integrity" "sha512-ZWN76iNQAOCpYC7yKfb3UNLIMZf603JckLKOOLTHuy9MZnTN8XV6uwvDFhf42XvhglgUjGCEnbUqWtxQ9pa/pQ=="
  "resolved" "https://registry.npmjs.org/@solana/rpc/-/rpc-2.3.0.tgz"
  "version" "2.3.0"
  dependencies:
    "@solana/errors" "2.3.0"
    "@solana/fast-stable-stringify" "2.3.0"
    "@solana/functional" "2.3.0"
    "@solana/rpc-api" "2.3.0"
    "@solana/rpc-spec" "2.3.0"
    "@solana/rpc-spec-types" "2.3.0"
    "@solana/rpc-transformers" "2.3.0"
    "@solana/rpc-transport-http" "2.3.0"
    "@solana/rpc-types" "2.3.0"

"@solana/signers@2.3.0":
  "integrity" "sha512-OSv6fGr/MFRx6J+ZChQMRqKNPGGmdjkqarKkRzkwmv7v8quWsIRnJT5EV8tBy3LI4DLO/A8vKiNSPzvm1TdaiQ=="
  "resolved" "https://registry.npmjs.org/@solana/signers/-/signers-2.3.0.tgz"
  "version" "2.3.0"
  dependencies:
    "@solana/addresses" "2.3.0"
    "@solana/codecs-core" "2.3.0"
    "@solana/errors" "2.3.0"
    "@solana/instructions" "2.3.0"
    "@solana/keys" "2.3.0"
    "@solana/nominal-types" "2.3.0"
    "@solana/transaction-messages" "2.3.0"
    "@solana/transactions" "2.3.0"

"@solana/subscribable@2.3.0":
  "integrity" "sha512-DkgohEDbMkdTWiKAoatY02Njr56WXx9e/dKKfmne8/Ad6/2llUIrax78nCdlvZW9quXMaXPTxZvdQqo9N669Og=="
  "resolved" "https://registry.npmjs.org/@solana/subscribable/-/subscribable-2.3.0.tgz"
  "version" "2.3.0"
  dependencies:
    "@solana/errors" "2.3.0"

"@solana/sysvars@2.3.0":
  "integrity" "sha512-LvjADZrpZ+CnhlHqfI5cmsRzX9Rpyb1Ox2dMHnbsRNzeKAMhu9w4ZBIaeTdO322zsTr509G1B+k2ABD3whvUBA=="
  "resolved" "https://registry.npmjs.org/@solana/sysvars/-/sysvars-2.3.0.tgz"
  "version" "2.3.0"
  dependencies:
    "@solana/accounts" "2.3.0"
    "@solana/codecs" "2.3.0"
    "@solana/errors" "2.3.0"
    "@solana/rpc-types" "2.3.0"

"@solana/transaction-confirmation@2.3.0":
  "integrity" "sha512-UiEuiHCfAAZEKdfne/XljFNJbsKAe701UQHKXEInYzIgBjRbvaeYZlBmkkqtxwcasgBTOmEaEKT44J14N9VZDw=="
  "resolved" "https://registry.npmjs.org/@solana/transaction-confirmation/-/transaction-confirmation-2.3.0.tgz"
  "version" "2.3.0"
  dependencies:
    "@solana/addresses" "2.3.0"
    "@solana/codecs-strings" "2.3.0"
    "@solana/errors" "2.3.0"
    "@solana/keys" "2.3.0"
    "@solana/promises" "2.3.0"
    "@solana/rpc" "2.3.0"
    "@solana/rpc-subscriptions" "2.3.0"
    "@solana/rpc-types" "2.3.0"
    "@solana/transaction-messages" "2.3.0"
    "@solana/transactions" "2.3.0"

"@solana/transaction-messages@2.3.0":
  "integrity" "sha512-bgqvWuy3MqKS5JdNLH649q+ngiyOu5rGS3DizSnWwYUd76RxZl1kN6CoqHSrrMzFMvis6sck/yPGG3wqrMlAww=="
  "resolved" "https://registry.npmjs.org/@solana/transaction-messages/-/transaction-messages-2.3.0.tgz"
  "version" "2.3.0"
  dependencies:
    "@solana/addresses" "2.3.0"
    "@solana/codecs-core" "2.3.0"
    "@solana/codecs-data-structures" "2.3.0"
    "@solana/codecs-numbers" "2.3.0"
    "@solana/errors" "2.3.0"
    "@solana/functional" "2.3.0"
    "@solana/instructions" "2.3.0"
    "@solana/nominal-types" "2.3.0"
    "@solana/rpc-types" "2.3.0"

"@solana/transactions@2.3.0":
  "integrity" "sha512-LnTvdi8QnrQtuEZor5Msje61sDpPstTVwKg4y81tNxDhiyomjuvnSNLAq6QsB9gIxUqbNzPZgOG9IU4I4/Uaug=="
  "resolved" "https://registry.npmjs.org/@solana/transactions/-/transactions-2.3.0.tgz"
  "version" "2.3.0"
  dependencies:
    "@solana/addresses" "2.3.0"
    "@solana/codecs-core" "2.3.0"
    "@solana/codecs-data-structures" "2.3.0"
    "@solana/codecs-numbers" "2.3.0"
    "@solana/codecs-strings" "2.3.0"
    "@solana/errors" "2.3.0"
    "@solana/functional" "2.3.0"
    "@solana/instructions" "2.3.0"
    "@solana/keys" "2.3.0"
    "@solana/nominal-types" "2.3.0"
    "@solana/rpc-types" "2.3.0"
    "@solana/transaction-messages" "2.3.0"

"@triton-one/yellowstone-grpc@^4.0.2":
  "integrity" "sha512-RsHNbLz6zCU3OpQRBqKWcXqDDOKj1nxc/78LIt9kZWBU2kfYeFs7361eUpYE9Q3+BizjpCLF6BX9G1OitD76bw=="
  "resolved" "https://registry.npmjs.org/@triton-one/yellowstone-grpc/-/yellowstone-grpc-4.0.2.tgz"
  "version" "4.0.2"
  dependencies:
    "@grpc/grpc-js" "^1.8.0"

"@types/node@^24.2.0", "@types/node@>=13.7.0":
  "integrity" "sha512-3xyG3pMCq3oYCNg7/ZP+E1ooTaGB4cG8JWRsqqOYQdbWNY4zbaV0Ennrd7stjiJEFZCaybcIgpTjJWHRfBSIDw=="
  "resolved" "https://registry.npmjs.org/@types/node/-/node-24.2.0.tgz"
  "version" "24.2.0"
  dependencies:
    "undici-types" "~7.10.0"

"ansi-regex@^5.0.1":
  "integrity" "sha512-quJQXlTSUGL2LH9SUXo8VwsY4soanhgo6LNSm84E1LBcE8s3O0wpdiRzyR9z/ZZJMlMWv37qOOb9pdJlMUEKFQ=="
  "resolved" "https://registry.npmjs.org/ansi-regex/-/ansi-regex-5.0.1.tgz"
  "version" "5.0.1"

"ansi-styles@^4.0.0":
  "integrity" "sha512-zbB9rCJAT1rbjiVDb2hqKFHNYLxgtk8NURxZ3IZwD3F6NtxbXZQCnnSi1Lkx+IDohdPlFp222wVALIheZJQSEg=="
  "resolved" "https://registry.npmjs.org/ansi-styles/-/ansi-styles-4.3.0.tgz"
  "version" "4.3.0"
  dependencies:
    "color-convert" "^2.0.1"

"assert-options@0.8.3":
  "integrity" "sha512-s6v4HnA+vYSGO4eZX+F+I3gvF74wPk+m6Z1Q3w1Dsg4Pnv/R24vhKAasoMVZGvDpOOfTg1Qz4ptZnEbuy95XsQ=="
  "resolved" "https://registry.npmjs.org/assert-options/-/assert-options-0.8.3.tgz"
  "version" "0.8.3"

"chalk@^5.4.1":
  "integrity" "sha512-1tm8DTaJhPBG3bIkVeZt1iZM9GfSX2lzOeDVZH9R9ffRHpmHvxZ/QhgQH/aDTkswQVt+YHdXAdS/In/30OjCbg=="
  "resolved" "https://registry.npmjs.org/chalk/-/chalk-5.5.0.tgz"
  "version" "5.5.0"

"cliui@^8.0.1":
  "integrity" "sha512-BSeNnyus75C4//NQ9gQt1/csTXyo/8Sb+afLAkzAptFuMsod9HFokGNudZpi/oQV73hnVK+sR+5PVRMd+Dr7YQ=="
  "resolved" "https://registry.npmjs.org/cliui/-/cliui-8.0.1.tgz"
  "version" "8.0.1"
  dependencies:
    "string-width" "^4.2.0"
    "strip-ansi" "^6.0.1"
    "wrap-ansi" "^7.0.0"

"color-convert@^2.0.1":
  "integrity" "sha512-RRECPsj7iu/xb5oKYcsFHSppFNnsj/52OVTRKb4zP5onXwVF3zVmmToNcOfGC+CRDpfK/U584fMg38ZHCaElKQ=="
  "resolved" "https://registry.npmjs.org/color-convert/-/color-convert-2.0.1.tgz"
  "version" "2.0.1"
  dependencies:
    "color-name" "~1.1.4"

"color-name@~1.1.4":
  "integrity" "sha512-dOy+3AuW3a2wNbZHIuMZpTcgjGuLU/uBL/ubcZF9OXbDo8ff4O8yVp5Bf0efS8uEoYo5q4Fx7dY9OgQGXgAsQA=="
  "resolved" "https://registry.npmjs.org/color-name/-/color-name-1.1.4.tgz"
  "version" "1.1.4"

"commander@^14.0.0":
  "integrity" "sha512-2uM9rYjPvyq39NwLRqaiLtWHyDC1FvryJDa2ATTVims5YAS4PupsEQsDvP14FqhFr0P49CYDugi59xaxJlTXRA=="
  "resolved" "https://registry.npmjs.org/commander/-/commander-14.0.0.tgz"
  "version" "14.0.0"

"emoji-regex@^8.0.0":
  "integrity" "sha512-MSjYzcWNOA0ewAHpz0MxpYFvwg6yjy1NG3xteoqz644VCo/RPgnr1/GGt+ic3iJTzQ8Eu3TdM14SawnVUmGE6A=="
  "resolved" "https://registry.npmjs.org/emoji-regex/-/emoji-regex-8.0.0.tgz"
  "version" "8.0.0"

"env-var@^7.5.0":
  "integrity" "sha512-mKZOzLRN0ETzau2W2QXefbFjo5EF4yWq28OyKb9ICdeNhHJlOE/pHHnz4hdYJ9cNZXcJHo5xN4OT4pzuSHSNvA=="
  "resolved" "https://registry.npmjs.org/env-var/-/env-var-7.5.0.tgz"
  "version" "7.5.0"

"escalade@^3.1.1":
  "integrity" "sha512-WUj2qlxaQtO4g6Pq5c29GTcWGDyd8itL8zTlipgECz3JesAiiOKotd8JU6otB3PACgG6xkJUyVhboMS+bje/jA=="
  "resolved" "https://registry.npmjs.org/escalade/-/escalade-3.2.0.tgz"
  "version" "3.2.0"

"fastestsmallesttextencoderdecoder@^1.0.22":
  "integrity" "sha512-Pb8d48e+oIuY4MaM64Cd7OW1gt4nxCHs7/ddPPZ/Ic3sg8yVGM7O9wDvZ7us6ScaUupzM+pfBolwtYhN1IxBIw=="
  "resolved" "https://registry.npmjs.org/fastestsmallesttextencoderdecoder/-/fastestsmallesttextencoderdecoder-1.0.22.tgz"
  "version" "1.0.22"

"get-caller-file@^2.0.5":
  "integrity" "sha512-DyFP3BM/3YHTQOCUL/w0OZHR0lpKeGrxotcHWcqNEdnltqFwXVfhEBQ94eIo34AfQpo0rGki4cyIiftY06h2Fg=="
  "resolved" "https://registry.npmjs.org/get-caller-file/-/get-caller-file-2.0.5.tgz"
  "version" "2.0.5"

"is-fullwidth-code-point@^3.0.0":
  "integrity" "sha512-zymm5+u+sCsSWyD9qNaejV3DFvhCKclKdizYaJUuHA83RLjb7nSuGnddCHGv0hk+KY7BMAlsWeK4Ueg6EV6XQg=="
  "resolved" "https://registry.npmjs.org/is-fullwidth-code-point/-/is-fullwidth-code-point-3.0.0.tgz"
  "version" "3.0.0"

"lodash.camelcase@^4.3.0":
  "integrity" "sha512-TwuEnCnxbc3rAvhf/LbG7tJUDzhqXyFnv3dtzLOPgCG/hODL7WFnsbwktkD7yUV0RrreP/l1PALq/YSg6VvjlA=="
  "resolved" "https://registry.npmjs.org/lodash.camelcase/-/lodash.camelcase-4.3.0.tgz"
  "version" "4.3.0"

"long@^5.0.0":
  "integrity" "sha512-mNAgZ1GmyNhD7AuqnTG3/VQ26o760+ZYBPKjPvugO8+nLbYfX6TVpJPseBvopbdY+qpZ/lKUnmEc1LeZYS3QAA=="
  "resolved" "https://registry.npmjs.org/long/-/long-5.3.2.tgz"
  "version" "5.3.2"

"pg-cloudflare@^1.2.7":
  "integrity" "sha512-YgCtzMH0ptvZJslLM1ffsY4EuGaU0cx4XSdXLRFae8bPP4dS5xL1tNB3k2o/N64cHJpwU7dxKli/nZ2lUa5fLg=="
  "resolved" "https://registry.npmjs.org/pg-cloudflare/-/pg-cloudflare-1.2.7.tgz"
  "version" "1.2.7"

"pg-connection-string@^2.9.1":
  "integrity" "sha512-nkc6NpDcvPVpZXxrreI/FOtX3XemeLl8E0qFr6F2Lrm/I8WOnaWNhIPK2Z7OHpw7gh5XJThi6j6ppgNoaT1w4w=="
  "resolved" "https://registry.npmjs.org/pg-connection-string/-/pg-connection-string-2.9.1.tgz"
  "version" "2.9.1"

"pg-cursor@^2.15.3":
  "integrity" "sha512-eHw63TsiGtFEfAd7tOTZ+TLy+i/2ePKS20H84qCQ+aQ60pve05Okon9tKMC+YN3j6XyeFoHnaim7Lt9WVafQsA=="
  "resolved" "https://registry.npmjs.org/pg-cursor/-/pg-cursor-2.15.3.tgz"
  "version" "2.15.3"

"pg-int8@1.0.1":
  "integrity" "sha512-WCtabS6t3c8SkpDBUlb1kjOs7l66xsGdKpIPZsg4wR+B3+u9UAum2odSsF9tnvxg80h4ZxLWMy4pRjOsFIqQpw=="
  "resolved" "https://registry.npmjs.org/pg-int8/-/pg-int8-1.0.1.tgz"
  "version" "1.0.1"

"pg-minify@1.8.0":
  "integrity" "sha512-jO/oJOununpx8DzKgvSsWm61P8JjwXlaxSlbbfTBo1nvSWoo/+I6qZYaSN96jm/KDwa5d+JMQwPGgcP6HXDRow=="
  "resolved" "https://registry.npmjs.org/pg-minify/-/pg-minify-1.8.0.tgz"
  "version" "1.8.0"

"pg-pool@^3.10.1":
  "integrity" "sha512-Tu8jMlcX+9d8+QVzKIvM/uJtp07PKr82IUOYEphaWcoBhIYkoHpLXN3qO59nAI11ripznDsEzEv8nUxBVWajGg=="
  "resolved" "https://registry.npmjs.org/pg-pool/-/pg-pool-3.10.1.tgz"
  "version" "3.10.1"

"pg-promise@^11.8.0":
  "integrity" "sha512-EUXpXn90yPVPKxQH4qqUAEVcApd2tp/JdR3wG6LzBUgaXTUYqwmuXG4vFhhZTCctzhfzRA20EbORb9H4aAgUHA=="
  "resolved" "https://registry.npmjs.org/pg-promise/-/pg-promise-11.15.0.tgz"
  "version" "11.15.0"
  dependencies:
    "assert-options" "0.8.3"
    "pg" "8.16.3"
    "pg-minify" "1.8.0"
    "spex" "3.4.1"

"pg-protocol@^1.10.3":
  "integrity" "sha512-6DIBgBQaTKDJyxnXaLiLR8wBpQQcGWuAESkRBX/t6OwA8YsqP+iVSiond2EDy6Y/dsGk8rh/jtax3js5NeV7JQ=="
  "resolved" "https://registry.npmjs.org/pg-protocol/-/pg-protocol-1.10.3.tgz"
  "version" "1.10.3"

"pg-query-stream@4.10.3":
  "integrity" "sha512-h2utrzpOIzeT9JfaqfvBbVuvCfBjH86jNfVrGGTbyepKAIOyTfDew0lAt8bbJjs9n/I5bGDl7S2sx6h5hPyJxw=="
  "resolved" "https://registry.npmjs.org/pg-query-stream/-/pg-query-stream-4.10.3.tgz"
  "version" "4.10.3"
  dependencies:
    "pg-cursor" "^2.15.3"

"pg-types@2.2.0":
  "integrity" "sha512-qTAAlrEsl8s4OiEQY69wDvcMIdQN6wdz5ojQiOy6YRMuynxenON0O5oCpJI6lshc6scgAY8qvJ2On/p+CXY0GA=="
  "resolved" "https://registry.npmjs.org/pg-types/-/pg-types-2.2.0.tgz"
  "version" "2.2.0"
  dependencies:
    "pg-int8" "1.0.1"
    "postgres-array" "~2.0.0"
    "postgres-bytea" "~1.0.0"
    "postgres-date" "~1.0.4"
    "postgres-interval" "^1.1.0"

"pg@^8", "pg@^8.12.0", "pg@>=8.0", "pg@8.16.3":
  "integrity" "sha512-enxc1h0jA/aq5oSDMvqyW3q89ra6XIIDZgCX9vkMrnz5DFTw/Ny3Li2lFQ+pt3L6MCgm/5o2o8HW9hiJji+xvw=="
  "resolved" "https://registry.npmjs.org/pg/-/pg-8.16.3.tgz"
  "version" "8.16.3"
  dependencies:
    "pg-connection-string" "^2.9.1"
    "pg-pool" "^3.10.1"
    "pg-protocol" "^1.10.3"
    "pg-types" "2.2.0"
    "pgpass" "1.0.5"
  optionalDependencies:
    "pg-cloudflare" "^1.2.7"

"pgpass@1.0.5":
  "integrity" "sha512-FdW9r/jQZhSeohs1Z3sI1yxFQNFvMcnmfuj4WBMUTxOrAyLMaTcE1aAMBiTlbMNaXvBCQuVi0R7hd8udDSP7ug=="
  "resolved" "https://registry.npmjs.org/pgpass/-/pgpass-1.0.5.tgz"
  "version" "1.0.5"
  dependencies:
    "split2" "^4.1.0"

"postgres-array@~2.0.0":
  "integrity" "sha512-VpZrUqU5A69eQyW2c5CA1jtLecCsN2U/bD6VilrFDWq5+5UIEVO7nazS3TEcHf1zuPYO/sqGvUvW62g86RXZuA=="
  "resolved" "https://registry.npmjs.org/postgres-array/-/postgres-array-2.0.0.tgz"
  "version" "2.0.0"

"postgres-bytea@~1.0.0":
  "integrity" "sha512-xy3pmLuQqRBZBXDULy7KbaitYqLcmxigw14Q5sj8QBVLqEwXfeybIKVWiqAXTlcvdvb0+xkOtDbfQMOf4lST1w=="
  "resolved" "https://registry.npmjs.org/postgres-bytea/-/postgres-bytea-1.0.0.tgz"
  "version" "1.0.0"

"postgres-date@~1.0.4":
  "integrity" "sha512-suDmjLVQg78nMK2UZ454hAG+OAW+HQPZ6n++TNDUX+L0+uUlLywnoxJKDou51Zm+zTCjrCl0Nq6J9C5hP9vK/Q=="
  "resolved" "https://registry.npmjs.org/postgres-date/-/postgres-date-1.0.7.tgz"
  "version" "1.0.7"

"postgres-interval@^1.1.0":
  "integrity" "sha512-9ZhXKM/rw350N1ovuWHbGxnGh/SNJ4cnxHiM0rxE4VN41wsg8P8zWn9hv/buK00RP4WvlOyr/RBDiptyxVbkZQ=="
  "resolved" "https://registry.npmjs.org/postgres-interval/-/postgres-interval-1.2.0.tgz"
  "version" "1.2.0"
  dependencies:
    "xtend" "^4.0.0"

"prettier@^3.6.2":
  "integrity" "sha512-I7AIg5boAr5R0FFtJ6rCfD+LFsWHp81dolrFD8S79U9tb8Az2nGrJncnMSnys+bpQJfRUzqs9hnA81OAA3hCuQ=="
  "resolved" "https://registry.npmjs.org/prettier/-/prettier-3.6.2.tgz"
  "version" "3.6.2"

"protobufjs@^7.2.5":
  "integrity" "sha512-sildjKwVqOI2kmFDiXQ6aEB0fjYTafpEvIBs8tOR8qI4spuL9OPROLVu2qZqi/xgCfsHIwVqlaF8JBjWFHnKbw=="
  "resolved" "https://registry.npmjs.org/protobufjs/-/protobufjs-7.5.3.tgz"
  "version" "7.5.3"
  dependencies:
    "@protobufjs/aspromise" "^1.1.2"
    "@protobufjs/base64" "^1.1.2"
    "@protobufjs/codegen" "^2.0.4"
    "@protobufjs/eventemitter" "^1.1.0"
    "@protobufjs/fetch" "^1.1.0"
    "@protobufjs/float" "^1.0.2"
    "@protobufjs/inquire" "^1.1.0"
    "@protobufjs/path" "^1.1.2"
    "@protobufjs/pool" "^1.1.0"
    "@protobufjs/utf8" "^1.1.0"
    "@types/node" ">=13.7.0"
    "long" "^5.0.0"

"require-directory@^2.1.1":
  "integrity" "sha512-fGxEI7+wsG9xrvdjsrlmL22OMTTiHRwAMroiEeMgq8gzoLC/PQr7RsRDSTLUg/bZAZtF+TVIkHc6/4RIKrui+Q=="
  "resolved" "https://registry.npmjs.org/require-directory/-/require-directory-2.1.1.tgz"
  "version" "2.1.1"

"spex@3.4.1":
  "integrity" "sha512-Br0Mu3S+c70kr4keXF+6K4B8ohR+aJjI9s7SbdsI3hliE1Riz4z+FQk7FQL+r7X1t90KPkpuKwQyITpCIQN9mg=="
  "resolved" "https://registry.npmjs.org/spex/-/spex-3.4.1.tgz"
  "version" "3.4.1"

"split2@^4.1.0":
  "integrity" "sha512-UcjcJOWknrNkF6PLX83qcHM6KHgVKNkV62Y8a5uYDVv9ydGQVwAHMKqHdJje1VTWpljG0WYpCDhrCdAOYH4TWg=="
  "resolved" "https://registry.npmjs.org/split2/-/split2-4.2.0.tgz"
  "version" "4.2.0"

"string-width@^4.1.0", "string-width@^4.2.0", "string-width@^4.2.3":
  "integrity" "sha512-wKyQRQpjJ0sIp62ErSZdGsjMJWsap5oRNihHhu6G7JVO/9jIB6UyevL+tXuOqrng8j/cxKTWyWUwvSTriiZz/g=="
  "resolved" "https://registry.npmjs.org/string-width/-/string-width-4.2.3.tgz"
  "version" "4.2.3"
  dependencies:
    "emoji-regex" "^8.0.0"
    "is-fullwidth-code-point" "^3.0.0"
    "strip-ansi" "^6.0.1"

"strip-ansi@^6.0.0", "strip-ansi@^6.0.1":
  "integrity" "sha512-Y38VPSHcqkFrCpFnQ9vuSXmquuv5oXOKpGeT6aGrr3o3Gc9AlVa6JBfUSOCnbxGGZF+/0ooI7KrPuUSztUdU5A=="
  "resolved" "https://registry.npmjs.org/strip-ansi/-/strip-ansi-6.0.1.tgz"
  "version" "6.0.1"
  dependencies:
    "ansi-regex" "^5.0.1"

"typescript@^5.9.2", "typescript@>=5.3.3":
  "integrity" "sha512-CWBzXQrc/qOkhidw1OzBTQuYRbfyxDXJMVJ1XNwUHGROVmuaeiEm3OslpZ1RV96d7SKKjZKrSJu3+t/xlw3R9A=="
  "resolved" "https://registry.npmjs.org/typescript/-/typescript-5.9.2.tgz"
  "version" "5.9.2"

"undici-types@^7.11.0":
  "integrity" "sha512-Ov2Rr9Sx+fRgagJ5AX0qvItZG/JKKoBRAVITs1zk7IqZGTJUwgUr7qoYBpWwakpWilTZFM98rG/AFRocu10iIQ=="
  "resolved" "https://registry.npmjs.org/undici-types/-/undici-types-7.13.0.tgz"
  "version" "7.13.0"

"undici-types@~7.10.0":
  "integrity" "sha512-t5Fy/nfn+14LuOc2KNYg75vZqClpAiqscVvMygNnlsHBFpSXdJaYtXMcdNLpl/Qvc3P2cB3s6lOV51nqsFq4ag=="
  "resolved" "https://registry.npmjs.org/undici-types/-/undici-types-7.10.0.tgz"
  "version" "7.10.0"

"wrap-ansi@^7.0.0":
  "integrity" "sha512-YVGIj2kamLSTxw6NsZjoBxfSwsn0ycdesmc4p+Q21c5zPuZ1pl+NfxVdxPtdHvmNVOQ6XSYG4AUtyt/Fi7D16Q=="
  "resolved" "https://registry.npmjs.org/wrap-ansi/-/wrap-ansi-7.0.0.tgz"
  "version" "7.0.0"
  dependencies:
    "ansi-styles" "^4.0.0"
    "string-width" "^4.1.0"
    "strip-ansi" "^6.0.0"

"ws@^8.18.0", "ws@^8.18.3":
  "integrity" "sha512-PEIGCY5tSlUt50cqyMXfCzX+oOPqN0vuGqWzbcJ2xvnkzkq46oOpz7dQaTDBdfICb4N14+GARUDw2XV2N4tvzg=="
  "resolved" "https://registry.npmjs.org/ws/-/ws-8.18.3.tgz"
  "version" "8.18.3"

"xtend@^4.0.0":
  "integrity" "sha512-LKYU1iAXJXUgAXn9URjiu+MWhyUXHsvfp7mcuYm9dSUKK0/CjtrUwFAxD82/mCWbtLsGjFIad0wIsod4zrTAEQ=="
  "resolved" "https://registry.npmjs.org/xtend/-/xtend-4.0.2.tgz"
  "version" "4.0.2"

"y18n@^5.0.5":
  "integrity" "sha512-0pfFzegeDWJHJIAmTLRP2DwHjdF5s7jo9tuztdQxAhINCdvS+3nGINqPd00AphqJR/0LhANUS6/+7SCb98YOfA=="
  "resolved" "https://registry.npmjs.org/y18n/-/y18n-5.0.8.tgz"
  "version" "5.0.8"

"yargs-parser@^21.1.1":
  "integrity" "sha512-tVpsJW7DdjecAiFpbIB1e3qxIQsE6NoPc5/eTdrbbIC4h0LVsWhnoa3g+m2HclBIujHzsxZ4VJVA+GUuc2/LBw=="
  "resolved" "https://registry.npmjs.org/yargs-parser/-/yargs-parser-21.1.1.tgz"
  "version" "21.1.1"

"yargs@^17.7.2":
  "integrity" "sha512-7dSzzRQ++CKnNI/krKnYRV7JKKPUXMEh61soaHKg9mrWEhzFWhFnxPxGl+69cD1Ou63C13NUPCnmIcrvqCuM6w=="
  "resolved" "https://registry.npmjs.org/yargs/-/yargs-17.7.2.tgz"
  "version" "17.7.2"
  dependencies:
    "cliui" "^8.0.1"
    "escalade" "^3.1.1"
    "get-caller-file" "^2.0.5"
    "require-directory" "^2.1.1"
    "string-width" "^4.2.3"
    "y18n" "^5.0.5"
    "yargs-parser" "^21.1.1"
